{
  "name": "losgw",
  "version": "0.0.1-SNAPSHOT",
  "lockfileVersion": 2,
  "requires": true,
  "packages": {
    "": {
      "name": "losgw",
      "version": "0.0.1-SNAPSHOT",
      "license": "UNLICENSED",
      "dependencies": {
        "@angular/animations": "13.3.1",
        "@angular/cdk": "13.3.1",
        "@angular/common": "13.3.1",
        "@angular/compiler": "13.3.1",
        "@angular/core": "13.3.1",
        "@angular/forms": "13.3.1",
        "@angular/localize": "13.3.1",
        "@angular/material": "13.3.1",
        "@angular/platform-browser": "13.3.1",
        "@angular/platform-browser-dynamic": "13.3.1",
        "@angular/router": "13.3.1",
        "@fortawesome/angular-fontawesome": "0.10.2",
        "@fortawesome/fontawesome-svg-core": "6.1.1",
        "@fortawesome/free-solid-svg-icons": "6.1.1",
        "@ng-bootstrap/ng-bootstrap": "12.0.1",
        "@ngx-loading-bar/core": "6.0.2",
        "@ngx-loading-bar/http-client": "6.0.2",
        "@ngx-loading-bar/router": "6.0.2",
        "@ngx-translate/core": "14.0.0",
        "@ngx-translate/http-loader": "7.0.0",
        "@popperjs/core": "2.11.5",
        "@syncfusion/ej2-angular-dropdowns": "^20.1.60",
        "@syncfusion/ej2-angular-inputs": "^20.1.59",
        "@syncfusion/ej2-angular-navigations": "^20.1.60",
        "bootstrap": "5.1.3",
        "dayjs": "1.11.0",
        "file-saver": "2.0.5",
        "ngx-bootstrap": "8.0.0",
        "ngx-currency": "2.5.3",
        "ngx-infinite-scroll": "13.0.1",
        "ngx-webstorage": "9.0.0",
        "primeflex": "3.0.1",
        "primeicons": "5.0.0",
        "primeng": "13.1.0",
        "rxjs": "7.5.5",
        "sonar-scanner": "3.1.0",
        "tslib": "2.3.1",
        "xlsx": "0.17.2",
        "zone.js": "0.11.4"
      },
      "devDependencies": {
        "@angular-builders/custom-webpack": "13.1.0",
        "@angular-builders/jest": "13.0.3",
        "@angular-devkit/build-angular": "13.3.1",
        "@angular-eslint/eslint-plugin": "13.2.0",
        "@angular/cli": "13.3.1",
        "@angular/compiler-cli": "13.3.1",
        "@angular/service-worker": "13.3.1",
        "@fortawesome/fontawesome-common-types": "^0.2.36",
        "@types/file-saver": "^2.0.3",
        "@types/jest": "27.4.1",
        "@types/node": "16.11.26",
        "@typescript-eslint/eslint-plugin": "5.18.0",
        "@typescript-eslint/parser": "5.18.0",
        "browser-sync": "2.27.10",
        "browser-sync-webpack-plugin": "2.3.0",
        "concurrently": "7.1.0",
        "copy-webpack-plugin": "10.2.4",
        "eslint": "8.12.0",
        "eslint-config-prettier": "8.5.0",
        "eslint-webpack-plugin": "3.1.1",
        "folder-hash": "4.0.2",
        "generator-jhipster": "7.8.1",
        "husky": "7.0.4",
        "jest": "27.5.1",
        "jest-date-mock": "1.0.8",
        "jest-junit": "13.1.0",
        "jest-preset-angular": "11.1.1",
        "jest-sonar-reporter": "2.0.0",
        "lint-staged": "12.3.7",
        "merge-jsons-webpack-plugin": "2.0.1",
        "prettier": "2.6.2",
        "prettier-plugin-packagejson": "2.2.17",
        "rimraf": "3.0.2",
        "swagger-ui-dist": "4.10.3",
        "ts-jest": "27.1.4",
        "typescript": "4.6.3",
        "wait-on": "6.0.1",
        "webpack-bundle-analyzer": "4.5.0",
        "webpack-merge": "5.8.0",
        "webpack-notifier": "1.15.0"
      },
      "engines": {
        "node": ">=16.14.0"
      }
    },
    "node_modules/@ampproject/remapping": {
      "version": "1.1.1",
      "resolved": "https://registry.npmjs.org/@ampproject/remapping/-/remapping-1.1.1.tgz",
      "integrity": "sha512-YVAcA4DKLOj296CF5SrQ8cYiMRiUGc2sqFpLxsDGWE34suHqhGP/5yMsDHKsrh8hs8I5TiRVXNwKPWQpX3iGjw==",
      "dev": true,
      "dependencies": {
        "@jridgewell/resolve-uri": "^3.0.3",
        "sourcemap-codec": "1.4.8"
      },
      "engines": {
        "node": ">=6.0.0"
      }
    },
    "node_modules/@angular-builders/custom-webpack": {
      "version": "13.1.0",
      "resolved": "https://registry.npmjs.org/@angular-builders/custom-webpack/-/custom-webpack-13.1.0.tgz",
      "integrity": "sha512-qhtnAv1i7agk14zeKZZfXjrckYt37OZ+3tsTBLhf3ZFbwREK8L1SNi8xhZ1j1JLGsf2Dp0GEcZrSYeFDweo0WA==",
      "dev": true,
      "dependencies": {
        "@angular-devkit/architect": ">=0.1300.0 < 0.1400.0",
        "@angular-devkit/build-angular": "^13.0.0",
        "@angular-devkit/core": "^13.0.0",
        "lodash": "^4.17.15",
        "ts-node": "^10.0.0",
        "tsconfig-paths": "^3.9.0",
        "webpack-merge": "^5.7.3"
      },
      "engines": {
        "node": ">=12.20.0"
      }
    },
    "node_modules/@angular-builders/jest": {
      "version": "13.0.3",
      "resolved": "https://registry.npmjs.org/@angular-builders/jest/-/jest-13.0.3.tgz",
      "integrity": "sha512-HJfN8gCfbg14U/eaE5vEvt6IrecFTUWSibHLvf2gBMzgnRQzqPKNAAoHY5kZ0DL+HwsCW/KlSp2m47ukOdVcYA==",
      "dev": true,
      "dependencies": {
        "@angular-devkit/architect": ">=0.1300.0 < 0.1400.0",
        "@angular-devkit/core": "^13.0.0",
        "jest-preset-angular": "11.1.0",
        "lodash": "^4.17.15"
      },
      "engines": {
        "node": ">=12.20.0"
      },
      "peerDependencies": {
        "jest": ">=27"
      }
    },
    "node_modules/@angular-builders/jest/node_modules/esbuild": {
      "version": "0.14.2",
      "resolved": "https://registry.npmjs.org/esbuild/-/esbuild-0.14.2.tgz",
      "integrity": "sha512-l076A6o/PIgcyM24s0dWmDI/b8RQf41uWoJu9I0M71CtW/YSw5T5NUeXxs5lo2tFQD+O4CW4nBHJXx3OY5NpXg==",
      "dev": true,
      "hasInstallScript": true,
      "optional": true,
      "bin": {
        "esbuild": "bin/esbuild"
      },
      "optionalDependencies": {
        "esbuild-android-arm64": "0.14.2",
        "esbuild-darwin-64": "0.14.2",
        "esbuild-darwin-arm64": "0.14.2",
        "esbuild-freebsd-64": "0.14.2",
        "esbuild-freebsd-arm64": "0.14.2",
        "esbuild-linux-32": "0.14.2",
        "esbuild-linux-64": "0.14.2",
        "esbuild-linux-arm": "0.14.2",
        "esbuild-linux-arm64": "0.14.2",
        "esbuild-linux-mips64le": "0.14.2",
        "esbuild-linux-ppc64le": "0.14.2",
        "esbuild-netbsd-64": "0.14.2",
        "esbuild-openbsd-64": "0.14.2",
        "esbuild-sunos-64": "0.14.2",
        "esbuild-windows-32": "0.14.2",
        "esbuild-windows-64": "0.14.2",
        "esbuild-windows-arm64": "0.14.2"
      }
    },
    "node_modules/@angular-builders/jest/node_modules/esbuild-android-arm64": {
      "version": "0.14.2",
      "resolved": "https://registry.npmjs.org/esbuild-android-arm64/-/esbuild-android-arm64-0.14.2.tgz",
      "integrity": "sha512-hEixaKMN3XXCkoe+0WcexO4CcBVU5DCSUT+7P8JZiWZCbAjSkc9b6Yz2X5DSfQmRCtI/cQRU6TfMYrMQ5NBfdw==",
      "cpu": [
        "arm64"
      ],
      "dev": true,
      "optional": true,
      "os": [
        "android"
      ]
    },
    "node_modules/@angular-builders/jest/node_modules/esbuild-darwin-64": {
      "version": "0.14.2",
      "resolved": "https://registry.npmjs.org/esbuild-darwin-64/-/esbuild-darwin-64-0.14.2.tgz",
      "integrity": "sha512-Uq8t0cbJQkxkQdbUfOl2wZqZ/AtLZjvJulR1HHnc96UgyzG9YlCLSDMiqjM+NANEy7/zzvwKJsy3iNC9wwqLJA==",
      "cpu": [
        "x64"
      ],
      "dev": true,
      "optional": true,
      "os": [
        "darwin"
      ]
    },
    "node_modules/@angular-builders/jest/node_modules/esbuild-darwin-arm64": {
      "version": "0.14.2",
      "resolved": "https://registry.npmjs.org/esbuild-darwin-arm64/-/esbuild-darwin-arm64-0.14.2.tgz",
      "integrity": "sha512-619MSa17sr7YCIrUj88KzQu2ESA4jKYtIYfLU/smX6qNgxQt3Y/gzM4s6sgJ4fPQzirvmXgcHv1ZNQAs/Xh48A==",
      "cpu": [
        "arm64"
      ],
      "dev": true,
      "optional": true,
      "os": [
        "darwin"
      ]
    },
    "node_modules/@angular-builders/jest/node_modules/esbuild-freebsd-64": {
      "version": "0.14.2",
      "resolved": "https://registry.npmjs.org/esbuild-freebsd-64/-/esbuild-freebsd-64-0.14.2.tgz",
      "integrity": "sha512-aP6FE/ZsChZpUV6F3HE3x1Pz0paoYXycJ7oLt06g0G9dhJKknPawXCqQg/WMyD+ldCEZfo7F1kavenPdIT/SGQ==",
      "cpu": [
        "x64"
      ],
      "dev": true,
      "optional": true,
      "os": [
        "freebsd"
      ]
    },
    "node_modules/@angular-builders/jest/node_modules/esbuild-freebsd-arm64": {
      "version": "0.14.2",
      "resolved": "https://registry.npmjs.org/esbuild-freebsd-arm64/-/esbuild-freebsd-arm64-0.14.2.tgz",
      "integrity": "sha512-LSm98WTb1QIhyS83+Po0KTpZNdd2XpVpI9ua5rLWqKWbKeNRFwOsjeiuwBaRNc+O32s9oC2ZMefETxHBV6VNkQ==",
      "cpu": [
        "arm64"
      ],
      "dev": true,
      "optional": true,
      "os": [
        "freebsd"
      ]
    },
    "node_modules/@angular-builders/jest/node_modules/esbuild-linux-32": {
      "version": "0.14.2",
      "resolved": "https://registry.npmjs.org/esbuild-linux-32/-/esbuild-linux-32-0.14.2.tgz",
      "integrity": "sha512-8VxnNEyeUbiGflTKcuVc5JEPTqXfsx2O6ABwUbfS1Hp26lYPRPC7pKQK5Dxa0MBejGc50jy7YZae3EGQUQ8EkQ==",
      "cpu": [
        "ia32"
      ],
      "dev": true,
      "optional": true,
      "os": [
        "linux"
      ]
    },
    "node_modules/@angular-builders/jest/node_modules/esbuild-linux-64": {
      "version": "0.14.2",
      "resolved": "https://registry.npmjs.org/esbuild-linux-64/-/esbuild-linux-64-0.14.2.tgz",
      "integrity": "sha512-4bzMS2dNxOJoFIiHId4w+tqQzdnsch71JJV1qZnbnErSFWcR9lRgpSqWnTTFtv6XM+MvltRzSXC5wQ7AEBY6Hg==",
      "cpu": [
        "x64"
      ],
      "dev": true,
      "optional": true,
      "os": [
        "linux"
      ]
    },
    "node_modules/@angular-builders/jest/node_modules/esbuild-linux-arm": {
      "version": "0.14.2",
      "resolved": "https://registry.npmjs.org/esbuild-linux-arm/-/esbuild-linux-arm-0.14.2.tgz",
      "integrity": "sha512-PaylahvMHhH8YMfJPMKEqi64qA0Su+d4FNfHKvlKes/2dUe4QxgbwXT9oLVgy8iJdcFMrO7By4R8fS8S0p8aVQ==",
      "cpu": [
        "arm"
      ],
      "dev": true,
      "optional": true,
      "os": [
        "linux"
      ]
    },
    "node_modules/@angular-builders/jest/node_modules/esbuild-linux-arm64": {
      "version": "0.14.2",
      "resolved": "https://registry.npmjs.org/esbuild-linux-arm64/-/esbuild-linux-arm64-0.14.2.tgz",
      "integrity": "sha512-RlIVp0RwJrdtasDF1vTFueLYZ8WuFzxoQ1OoRFZOTyJHCGCNgh7xJIC34gd7B7+RT0CzLBB4LcM5n0LS+hIoww==",
      "cpu": [
        "arm64"
      ],
      "dev": true,
      "optional": true,
      "os": [
        "linux"
      ]
    },
    "node_modules/@angular-builders/jest/node_modules/esbuild-linux-mips64le": {
      "version": "0.14.2",
      "resolved": "https://registry.npmjs.org/esbuild-linux-mips64le/-/esbuild-linux-mips64le-0.14.2.tgz",
      "integrity": "sha512-Fdwrq2roFnO5oetIiUQQueZ3+5soCxBSJswg3MvYaXDomj47BN6oAWMZgLrFh1oVrtWrxSDLCJBenYdbm2s+qQ==",
      "cpu": [
        "mips64el"
      ],
      "dev": true,
      "optional": true,
      "os": [
        "linux"
      ]
    },
    "node_modules/@angular-builders/jest/node_modules/esbuild-linux-ppc64le": {
      "version": "0.14.2",
      "resolved": "https://registry.npmjs.org/esbuild-linux-ppc64le/-/esbuild-linux-ppc64le-0.14.2.tgz",
      "integrity": "sha512-vxptskw8JfCDD9QqpRO0XnsM1osuWeRjPaXX1TwdveLogYsbdFtcuiuK/4FxGiNMUr1ojtnCS2rMPbY8puc5NA==",
      "cpu": [
        "ppc64"
      ],
      "dev": true,
      "optional": true,
      "os": [
        "linux"
      ]
    },
    "node_modules/@angular-builders/jest/node_modules/esbuild-netbsd-64": {
      "version": "0.14.2",
      "resolved": "https://registry.npmjs.org/esbuild-netbsd-64/-/esbuild-netbsd-64-0.14.2.tgz",
      "integrity": "sha512-I8+LzYK5iSNpspS9eCV9sW67Rj8FgMHimGri4mKiGAmN0pNfx+hFX146rYtzGtewuxKtTsPywWteHx+hPRLDsw==",
      "cpu": [
        "x64"
      ],
      "dev": true,
      "optional": true,
      "os": [
        "netbsd"
      ]
    },
    "node_modules/@angular-builders/jest/node_modules/esbuild-openbsd-64": {
      "version": "0.14.2",
      "resolved": "https://registry.npmjs.org/esbuild-openbsd-64/-/esbuild-openbsd-64-0.14.2.tgz",
      "integrity": "sha512-120HgMe9elidWUvM2E6mMf0csrGwx8sYDqUIJugyMy1oHm+/nT08bTAVXuwYG/rkMIqsEO9AlMxuYnwR6En/3Q==",
      "cpu": [
        "x64"
      ],
      "dev": true,
      "optional": true,
      "os": [
        "openbsd"
      ]
    },
    "node_modules/@angular-builders/jest/node_modules/esbuild-sunos-64": {
      "version": "0.14.2",
      "resolved": "https://registry.npmjs.org/esbuild-sunos-64/-/esbuild-sunos-64-0.14.2.tgz",
      "integrity": "sha512-Q3xcf9Uyfra9UuCFxoLixVvdigo0daZaKJ97TL2KNA4bxRUPK18wwGUk3AxvgDQZpRmg82w9PnkaNYo7a+24ow==",
      "cpu": [
        "x64"
      ],
      "dev": true,
      "optional": true,
      "os": [
        "sunos"
      ]
    },
    "node_modules/@angular-builders/jest/node_modules/esbuild-wasm": {
      "version": "0.14.2",
      "resolved": "https://registry.npmjs.org/esbuild-wasm/-/esbuild-wasm-0.14.2.tgz",
      "integrity": "sha512-Rs8NjWoo1UdsVjhxT2o6kLCX9Sh65pyd3/h4XeJ3jjQNM6NgL+/CSowuJgvOIjDAXMLXpc6fdGnyZQDil9IUJA==",
      "dev": true,
      "bin": {
        "esbuild": "bin/esbuild"
      },
      "engines": {
        "node": ">=8"
      }
    },
    "node_modules/@angular-builders/jest/node_modules/esbuild-windows-32": {
      "version": "0.14.2",
      "resolved": "https://registry.npmjs.org/esbuild-windows-32/-/esbuild-windows-32-0.14.2.tgz",
      "integrity": "sha512-TW7O49tPsrq+N1sW8mb3m24j/iDGa4xzAZH4wHWwoIzgtZAYPKC0hpIhufRRG/LA30bdMChO9pjJZ5mtcybtBQ==",
      "cpu": [
        "ia32"
      ],
      "dev": true,
      "optional": true,
      "os": [
        "win32"
      ]
    },
    "node_modules/@angular-builders/jest/node_modules/esbuild-windows-64": {
      "version": "0.14.2",
      "resolved": "https://registry.npmjs.org/esbuild-windows-64/-/esbuild-windows-64-0.14.2.tgz",
      "integrity": "sha512-Rym6ViMNmi1E2QuQMWy0AFAfdY0wGwZD73BnzlsQBX5hZBuy/L+Speh7ucUZ16gwsrMM9v86icZUDrSN/lNBKg==",
      "cpu": [
        "x64"
      ],
      "dev": true,
      "optional": true,
      "os": [
        "win32"
      ]
    },
    "node_modules/@angular-builders/jest/node_modules/esbuild-windows-arm64": {
      "version": "0.14.2",
      "resolved": "https://registry.npmjs.org/esbuild-windows-arm64/-/esbuild-windows-arm64-0.14.2.tgz",
      "integrity": "sha512-ZrLbhr0vX5Em/P1faMnHucjVVWPS+m3tktAtz93WkMZLmbRJevhiW1y4CbulBd2z0MEdXZ6emDa1zFHq5O5bSA==",
      "cpu": [
        "arm64"
      ],
      "dev": true,
      "optional": true,
      "os": [
        "win32"
      ]
    },
    "node_modules/@angular-builders/jest/node_modules/jest-preset-angular": {
      "version": "11.1.0",
      "resolved": "https://registry.npmjs.org/jest-preset-angular/-/jest-preset-angular-11.1.0.tgz",
      "integrity": "sha512-R4ePMBiQub95ESJlN7TozIpRIyMU7buvIdjm8KXqxZK/w8MYwLOSszVStsoZycDmWq5ifZI1eRvhOCUFktFotw==",
      "dev": true,
      "dependencies": {
        "bs-logger": "^0.2.6",
        "esbuild-wasm": "0.14.2",
        "jest-environment-jsdom": "^27.0.0",
        "pretty-format": "^27.0.0",
        "ts-jest": "^27.0.0"
      "engines": {
        "node": "^12.20.0 || ^14.15.0 || >=16.10.0"
      },
      "peerDependencies": {
        "@angular/animations": "13.3.1",
        "@angular/common": "13.3.1",
        "@angular/core": "13.3.1"
      },
      "peerDependenciesMeta": {
        "@angular/animations": {
          "optional": true
        }
      }
    },
    "node_modules/@angular/platform-browser-dynamic": {
      "version": "13.3.1",
      "resolved": "https://registry.npmjs.org/@angular/platform-browser-dynamic/-/platform-browser-dynamic-13.3.1.tgz",
      "integrity": "sha512-TKV63SSyjrv5EsD03PloCbo8ZrJq5owkJ38E2FO/VvJAV3xu3Ey0SnoikNZMd8o3rh7+ocuT5K9Xcr4YuKVgEA==",
      "dependencies": {
        "tslib": "^2.3.0"
      },
      "engines": {
        "node": "^12.20.0 || ^14.15.0 || >=16.10.0"
      },
      "peerDependencies": {
        "@angular/common": "13.3.1",
        "@angular/compiler": "13.3.1",
        "@angular/core": "13.3.1",
        "@angular/platform-browser": "13.3.1"
      }
    },
    "node_modules/@angular/router": {
      "version": "13.3.1",
      "resolved": "https://registry.npmjs.org/@angular/router/-/router-13.3.1.tgz",
      "integrity": "sha512-YpZLjI4UI9KK6x8yn41XMrBWZgVb5JyJR7KNhQXB7WiX8bVH5SZzFRkjR3qUxTGaxe6I7KFvzySwm4JTYNj+xw==",
      "dependencies": {
        "tslib": "^2.3.0"
      },
      "engines": {
        "node": "^12.20.0 || ^14.15.0 || >=16.10.0"
      },
      "peerDependencies": {
        "@angular/common": "13.3.1",
        "@angular/core": "13.3.1",
        "@angular/platform-browser": "13.3.1",
        "rxjs": "^6.5.3 || ^7.4.0"
      }
    },
    "node_modules/@angular/service-worker": {
      "version": "13.3.1",
      "resolved": "https://registry.npmjs.org/@angular/service-worker/-/service-worker-13.3.1.tgz",
      "integrity": "sha512-+RcAdh8fL/g5RFY6H20+A1oVaAO8idxHltCebm7dLldTE3GNoPT4er6PFhvTSyDyjko5ZL99kyFodO6Yic1Jnw==",
      "dev": true,
      "dependencies": {
        "tslib": "^2.3.0"
      },
      "bin": {
        "ngsw-config": "ngsw-config.js"
      },
      "engines": {
        "node": "^12.20.0 || ^14.15.0 || >=16.10.0"
      },
      "peerDependencies": {
        "@angular/common": "13.3.1",
        "@angular/core": "13.3.1"
      }
    },
    "node_modules/@assemblyscript/loader": {
      "version": "0.10.1",
      "resolved": "https://registry.npmjs.org/@assemblyscript/loader/-/loader-0.10.1.tgz",
      "integrity": "sha512-H71nDOOL8Y7kWRLqf6Sums+01Q5msqBW2KhDUTemh1tvY04eSkSXrK0uj/4mmY0Xr16/3zyZmsrxN7CKuRbNRg==",
      "dev": true
    },
    "node_modules/@babel/code-frame": {
      "version": "7.16.7",
      "resolved": "https://registry.npmjs.org/@babel/code-frame/-/code-frame-7.16.7.tgz",
      "integrity": "sha512-iAXqUn8IIeBTNd72xsFlgaXHkMBMt6y4HJp1tIaK465CWLT/fG1aqB7ykr95gHHmlBdGbFeWWfyB4NJJ0nmeIg==",
      "dependencies": {
        "@babel/highlight": "^7.16.7"
      },
      "engines": {
        "node": ">=6.9.0"
      }
    },
    "node_modules/@babel/compat-data": {
      "version": "7.17.7",
      "resolved": "https://registry.npmjs.org/@babel/compat-data/-/compat-data-7.17.7.tgz",
      "integrity": "sha512-p8pdE6j0a29TNGebNm7NzYZWB3xVZJBZ7XGs42uAKzQo8VQ3F0By/cQCtUEABwIqw5zo6WA4NbmxsfzADzMKnQ==",
      "engines": {
        "node": ">=6.9.0"
      }
    },
    "node_modules/@babel/core": {
      "version": "7.16.12",
      "resolved": "https://registry.npmjs.org/@babel/core/-/core-7.16.12.tgz",
      "integrity": "sha512-dK5PtG1uiN2ikk++5OzSYsitZKny4wOCD0nrO4TqnW4BVBTQ2NGS3NgilvT/TEyxTST7LNyWV/T4tXDoD3fOgg==",
      "dependencies": {
        "@babel/code-frame": "^7.16.7",
        "@babel/generator": "^7.16.8",
        "@babel/helper-compilation-targets": "^7.16.7",
        "@babel/helper-module-transforms": "^7.16.7",
        "@babel/helpers": "^7.16.7",
        "@babel/parser": "^7.16.12",
        "@babel/template": "^7.16.7",
        "@babel/traverse": "^7.16.10",
        "@babel/types": "^7.16.8",
        "convert-source-map": "^1.7.0",
        "debug": "^4.1.0",
        "gensync": "^1.0.0-beta.2",
        "json5": "^2.1.2",
        "semver": "^6.3.0",
        "source-map": "^0.5.0"
      },
      "engines": {
        "node": ">=6.9.0"
      },
      "funding": {
        "type": "opencollective",
        "url": "https://opencollective.com/babel"
      }
    },
    "node_modules/@babel/core/node_modules/semver": {
      "version": "6.3.0",
      "resolved": "https://registry.npmjs.org/semver/-/semver-6.3.0.tgz",
      "integrity": "sha512-b39TBaTSfV6yBrapU89p5fKekE2m/NwnDocOVruQFS1/veMgdzuPcnOM34M6CwxW8jH/lxEa5rBoDeUwu5HHTw==",
      "bin": {
        "semver": "bin/semver.js"
      }
    },
    "node_modules/@babel/core/node_modules/source-map": {
      "version": "0.5.7",
      "resolved": "https://registry.npmjs.org/source-map/-/source-map-0.5.7.tgz",
      "integrity": "sha1-igOdLRAh0i0eoUyA2OpGi6LvP8w=",
      "engines": {
        "node": ">=0.10.0"
      }
    },
    "node_modules/@babel/generator": {
      "version": "7.16.8",
      "resolved": "https://registry.npmjs.org/@babel/generator/-/generator-7.16.8.tgz",
          "dev": true
        }
      }
    },
    "jest-serializer": {
      "version": "27.5.1",
      "resolved": "https://registry.npmjs.org/jest-serializer/-/jest-serializer-27.5.1.tgz",
      "integrity": "sha512-jZCyo6iIxO1aqUxpuBlwTDMkzOAJS4a3eYz3YzgxxVQFwLeSA7Jfq5cbqCY+JLvTDrWirgusI/0KwxKMgrdf7w==",
      "dev": true,
      "requires": {
        "@types/node": "*",
        "graceful-fs": "^4.2.9"
      }
    },
    "jest-snapshot": {
      "version": "27.5.1",
      "resolved": "https://registry.npmjs.org/jest-snapshot/-/jest-snapshot-27.5.1.tgz",
      "integrity": "sha512-yYykXI5a0I31xX67mgeLw1DZ0bJB+gpq5IpSuCAoyDi0+BhgU/RIrL+RTzDmkNTchvDFWKP8lp+w/42Z3us5sA==",
      "dev": true,
      "requires": {
        "@babel/core": "^7.7.2",
        "@babel/generator": "^7.7.2",
        "@babel/plugin-syntax-typescript": "^7.7.2",
        "@babel/traverse": "^7.7.2",
        "@babel/types": "^7.0.0",
        "@jest/transform": "^27.5.1",
        "@jest/types": "^27.5.1",
        "@types/babel__traverse": "^7.0.4",
        "@types/prettier": "^2.1.5",
        "babel-preset-current-node-syntax": "^1.0.0",
        "chalk": "^4.0.0",
        "expect": "^27.5.1",
        "graceful-fs": "^4.2.9",
        "jest-diff": "^27.5.1",
        "jest-get-type": "^27.5.1",
        "jest-haste-map": "^27.5.1",
        "jest-matcher-utils": "^27.5.1",
        "jest-message-util": "^27.5.1",
        "jest-util": "^27.5.1",
        "natural-compare": "^1.4.0",
        "pretty-format": "^27.5.1",
        "semver": "^7.3.2"
      }
    },
    "jest-sonar-reporter": {
      "version": "2.0.0",
      "resolved": "https://registry.npmjs.org/jest-sonar-reporter/-/jest-sonar-reporter-2.0.0.tgz",
      "integrity": "sha512-ZervDCgEX5gdUbdtWsjdipLN3bKJwpxbvhkYNXTAYvAckCihobSLr9OT/IuyNIRT1EZMDDwR6DroWtrq+IL64w==",
      "dev": true,
      "requires": {
        "xml": "^1.0.1"
      }
    },
    "jest-util": {
      "version": "27.5.1",
      "resolved": "https://registry.npmjs.org/jest-util/-/jest-util-27.5.1.tgz",
      "integrity": "sha512-Kv2o/8jNvX1MQ0KGtw480E/w4fBCDOnH6+6DmeKi6LZUIlKA5kwY0YNdlzaWTiVgxqAqik11QyxDOKk543aKXw==",
      "dev": true,
      "requires": {
        "@jest/types": "^27.5.1",
        "@types/node": "*",
        "chalk": "^4.0.0",
        "ci-info": "^3.2.0",
        "graceful-fs": "^4.2.9",
        "picomatch": "^2.2.3"
      }
    },
    "jest-validate": {
      "version": "27.5.1",
      "resolved": "https://registry.npmjs.org/jest-validate/-/jest-validate-27.5.1.tgz",
          "requires": {
            "escape-string-regexp": "^1.0.5"
          },
          "dependencies": {
            "escape-string-regexp": {
              "version": "1.0.5",
              "resolved": "https://registry.npmjs.org/escape-string-regexp/-/escape-string-regexp-1.0.5.tgz",
              "integrity": "sha1-G2HAViGQqN/2rjuyzwIAyhMLhtQ=",
              "dev": true
            }
          }
        },
        "find-up": {
          "version": "5.0.0",
          "resolved": "https://registry.npmjs.org/find-up/-/find-up-5.0.0.tgz",
          "integrity": "sha512-78/PXT1wlLLDgTzDs7sjq9hzz0vXD+zn+7wypEe4fXQxCmdmqfGsEPQxmiCSQI3ajFV91bVSsvNtrJRiW6nGng==",
          "dev": true,
          "requires": {
            "locate-path": "^6.0.0",
            "path-exists": "^4.0.0"
          }
        },
        "get-stream": {
          "version": "6.0.1",
          "resolved": "https://registry.npmjs.org/get-stream/-/get-stream-6.0.1.tgz",
          "integrity": "sha512-ts6Wi+2j3jQjqi70w5AlN8DFnkSwC+MqmxEzdEALB2qXZYV3X/b1CTfgPLGJNMeAWxdPfU8FO1ms3NUfaHCPYg==",
          "dev": true
        },
        "human-signals": {
          "version": "2.1.0",
          "resolved": "https://registry.npmjs.org/human-signals/-/human-signals-2.1.0.tgz",
          "integrity": "sha512-B4FFZ6q/T2jhhksgkbEW3HBvWIfDW85snkQgawt07S7J5QXTk6BkNV+0yAeZrM5QpMAdYlocGoljn0sJ/WQkFw==",
          "dev": true
        },
        "inquirer": {
          "version": "8.2.2",
          "resolved": "https://registry.npmjs.org/inquirer/-/inquirer-8.2.2.tgz",
          "integrity": "sha512-pG7I/si6K/0X7p1qU+rfWnpTE1UIkTONN1wxtzh0d+dHXtT/JG6qBgLxoyHVsQa8cFABxAPh0pD6uUUHiAoaow==",
          "dev": true,
          "requires": {
            "ansi-escapes": "^4.2.1",
            "chalk": "^4.1.1",
            "cli-cursor": "^3.1.0",
            "cli-width": "^3.0.0",
            "external-editor": "^3.0.3",
            "figures": "^3.0.0",
            "lodash": "^4.17.21",
            "mute-stream": "0.0.8",
            "ora": "^5.4.1",
            "run-async": "^2.4.0",
            "rxjs": "^7.5.5",
            "string-width": "^4.1.0",
            "strip-ansi": "^6.0.0",
            "through": "^2.3.6"
          }
        },
        "is-fullwidth-code-point": {
          "version": "3.0.0",
          "resolved": "https://registry.npmjs.org/is-fullwidth-code-point/-/is-fullwidth-code-point-3.0.0.tgz",
          "integrity": "sha512-zymm5+u+sCsSWyD9qNaejV3DFvhCKclKdizYaJUuHA83RLjb7nSuGnddCHGv0hk+KY7BMAlsWeK4Ueg6EV6XQg==",
          "dev": true
        },
        "locate-path": {
          "version": "6.0.0",
          "resolved": "https://registry.npmjs.org/locate-path/-/locate-path-6.0.0.tgz",
          "integrity": "sha512-iPZK6eYjbxRu3uB4/WZ3EsEIMJFMqAoopl3R+zuq0UjcAm/MO6KCweDgPfP3elTztoKP3KtnVHxTn2NHBSDVUw==",
          "dev": true,
          "requires": {
            "p-locate": "^5.0.0"
          }
        "type-fest": {
          "version": "0.21.3",
          "resolved": "https://registry.npmjs.org/type-fest/-/type-fest-0.21.3.tgz",
          "integrity": "sha512-t0rzBq87m3fVcduHDUFhKmyyX+9eo6WQjZvf51Ea/M0Q7+T374Jp1aUiyUl0GKxp8M/OETVHSDvmkyPgvX+X2w==",
          "dev": true
        }
      }
    },
    "yeoman-generator": {
      "version": "5.6.1",
      "resolved": "https://registry.npmjs.org/yeoman-generator/-/yeoman-generator-5.6.1.tgz",
      "integrity": "sha512-XllgFvmDEwoPMq2rKtL4/N52WlINJW6a3I3XtlCrMb3/dqO5dW0nPNgR0L3IIUIdf9y1EHb1ZFMs2Qp3ZEEFxg==",
      "dev": true,
      "requires": {
        "chalk": "^4.1.0",
        "dargs": "^7.0.0",
        "debug": "^4.1.1",
        "execa": "^4.1.0",
        "github-username": "^6.0.0",
        "lodash": "^4.17.11",
        "minimist": "^1.2.5",
        "read-pkg-up": "^7.0.1",
        "run-async": "^2.0.0",
        "semver": "^7.2.1",
        "shelljs": "^0.8.5",
        "sort-keys": "^4.2.0",
        "text-table": "^0.2.0"
      }
    },
    "yn": {
      "version": "3.1.1",
      "resolved": "https://registry.npmjs.org/yn/-/yn-3.1.1.tgz",
      "integrity": "sha512-Ux4ygGWsu2c7isFWe8Yu1YluJmqVhxqK2cLXNQA5AcC3QfbGNpM7fu0Y8b/z16pXLnFxZYvWhd3fhBY9DLmC6Q==",
      "dev": true
    },
    "yocto-queue": {
      "version": "0.1.0",
      "resolved": "https://registry.npmjs.org/yocto-queue/-/yocto-queue-0.1.0.tgz",
      "integrity": "sha512-rVksvsnNCdJ/ohGc6xgPwyN8eheCxsiLM8mxuE/t/mOVqJewPuO1miLpTHQiRgTKCLexL4MeAFVagts7HmNZ2Q==",
      "dev": true
    },
    "zone.js": {
      "version": "0.11.4",
      "resolved": "https://registry.npmjs.org/zone.js/-/zone.js-0.11.4.tgz",
      "integrity": "sha512-DDh2Ab+A/B+9mJyajPjHFPWfYU1H+pdun4wnnk0OcQTNjem1XQSZ2CDW+rfZEUDjv5M19SBqAkjZi0x5wuB5Qw==",
      "requires": {
        "tslib": "^2.0.0"
      }
    }
  }
}
